// !$*UTF8*$!
{
	archiveVersion = 1;
	classes = {
	};
	objectVersion = 56;
	objects = {

/* Begin PBXBuildFile section */
		2E97AA822B8FD27700986F37 /* UpsideView.swift in Sources */ = {isa = PBXBuildFile; fileRef = 2E97AA812B8FD27700986F37 /* UpsideView.swift */; };
		2E97AA862B90175C00986F37 /* NavigationModel.swift in Sources */ = {isa = PBXBuildFile; fileRef = 2E97AA852B90175C00986F37 /* NavigationModel.swift */; };
		2E97AA882B9017DB00986F37 /* EndView.swift in Sources */ = {isa = PBXBuildFile; fileRef = 2E97AA872B9017DB00986F37 /* EndView.swift */; };
		C010E7D42B8E55A800F4A52C /* HomeObjects.mlmodel in Sources */ = {isa = PBXBuildFile; fileRef = C010E7D32B8E55A800F4A52C /* HomeObjects.mlmodel */; };
		D9190BFB2B8E7E1300965D55 /* GroupActivityMetadate.swift in Sources */ = {isa = PBXBuildFile; fileRef = D9190BFA2B8E7E1300965D55 /* GroupActivityMetadate.swift */; };
		D9190BFD2B8E7E6800965D55 /* SharePlayModel.swift in Sources */ = {isa = PBXBuildFile; fileRef = D9190BFC2B8E7E6800965D55 /* SharePlayModel.swift */; };
		D9190BFF2B8E7E8C00965D55 /* SharePlayViewModel.swift in Sources */ = {isa = PBXBuildFile; fileRef = D9190BFE2B8E7E8C00965D55 /* SharePlayViewModel.swift */; };
		D9190C012B8E7ECF00965D55 /* InvationSharePlayView.swift in Sources */ = {isa = PBXBuildFile; fileRef = D9190C002B8E7ECF00965D55 /* InvationSharePlayView.swift */; };
		D9190C042B8E823B00965D55 /* MultiplayerMain.swift in Sources */ = {isa = PBXBuildFile; fileRef = D9190C032B8E823B00965D55 /* MultiplayerMain.swift */; };
		D9255AF02B8FC55B0049696A /* GameplayViewModel.swift in Sources */ = {isa = PBXBuildFile; fileRef = D9255AEF2B8FC55B0049696A /* GameplayViewModel.swift */; };
		D9255AF22B8FC5C60049696A /* CameraModel.swift in Sources */ = {isa = PBXBuildFile; fileRef = D9255AF12B8FC5C60049696A /* CameraModel.swift */; };
		D9255AF42B8FCEB40049696A /* MultiplayerGameView.swift in Sources */ = {isa = PBXBuildFile; fileRef = D9255AF32B8FCEB40049696A /* MultiplayerGameView.swift */; };
		D92EEDE02B8FAE7A008C43E0 /* Logic in Resources */ = {isa = PBXBuildFile; fileRef = D92EEDDF2B8FAE7A008C43E0 /* Logic */; };
		E023656C2B8E68FB00C04C1E /* PhotoButton.swift in Sources */ = {isa = PBXBuildFile; fileRef = E023656B2B8E68FB00C04C1E /* PhotoButton.swift */; };
		E023656E2B8E690600C04C1E /* NavigationButton.swift in Sources */ = {isa = PBXBuildFile; fileRef = E023656D2B8E690600C04C1E /* NavigationButton.swift */; };
		E02365712B8E69C700C04C1E /* MenuView.swift in Sources */ = {isa = PBXBuildFile; fileRef = E02365702B8E69C700C04C1E /* MenuView.swift */; };
		E02365742B8E7A8200C04C1E /* UIimageExtension.swift in Sources */ = {isa = PBXBuildFile; fileRef = E02365732B8E7A8200C04C1E /* UIimageExtension.swift */; };
		E0AA6EA42B8D11BC00FD8D82 /* Nano05App.swift in Sources */ = {isa = PBXBuildFile; fileRef = E0AA6EA32B8D11BC00FD8D82 /* Nano05App.swift */; };
		E0AA6EA62B8D11BC00FD8D82 /* GameplayView.swift in Sources */ = {isa = PBXBuildFile; fileRef = E0AA6EA52B8D11BC00FD8D82 /* GameplayView.swift */; };
		E0AA6EA82B8D11BD00FD8D82 /* Assets.xcassets in Resources */ = {isa = PBXBuildFile; fileRef = E0AA6EA72B8D11BD00FD8D82 /* Assets.xcassets */; };
		E0AA6EAB2B8D11BD00FD8D82 /* Preview Assets.xcassets in Resources */ = {isa = PBXBuildFile; fileRef = E0AA6EAA2B8D11BD00FD8D82 /* Preview Assets.xcassets */; };
		E0AA6EB52B8D122000FD8D82 /* CameraView.swift in Sources */ = {isa = PBXBuildFile; fileRef = E0AA6EB42B8D122000FD8D82 /* CameraView.swift */; };
/* End PBXBuildFile section */

/* Begin PBXFileReference section */
		2E97AA812B8FD27700986F37 /* UpsideView.swift */ = {isa = PBXFileReference; lastKnownFileType = sourcecode.swift; path = UpsideView.swift; sourceTree = "<group>"; };
		2E97AA852B90175C00986F37 /* NavigationModel.swift */ = {isa = PBXFileReference; lastKnownFileType = sourcecode.swift; path = NavigationModel.swift; sourceTree = "<group>"; };
		2E97AA872B9017DB00986F37 /* EndView.swift */ = {isa = PBXFileReference; lastKnownFileType = sourcecode.swift; path = EndView.swift; sourceTree = "<group>"; };
		C010E7D32B8E55A800F4A52C /* HomeObjects.mlmodel */ = {isa = PBXFileReference; lastKnownFileType = file.mlmodel; path = HomeObjects.mlmodel; sourceTree = "<group>"; };
		D9190BFA2B8E7E1300965D55 /* GroupActivityMetadate.swift */ = {isa = PBXFileReference; lastKnownFileType = sourcecode.swift; path = GroupActivityMetadate.swift; sourceTree = "<group>"; };
		D9190BFC2B8E7E6800965D55 /* SharePlayModel.swift */ = {isa = PBXFileReference; lastKnownFileType = sourcecode.swift; path = SharePlayModel.swift; sourceTree = "<group>"; };
		D9190BFE2B8E7E8C00965D55 /* SharePlayViewModel.swift */ = {isa = PBXFileReference; lastKnownFileType = sourcecode.swift; path = SharePlayViewModel.swift; sourceTree = "<group>"; };
		D9190C002B8E7ECF00965D55 /* InvationSharePlayView.swift */ = {isa = PBXFileReference; lastKnownFileType = sourcecode.swift; path = InvationSharePlayView.swift; sourceTree = "<group>"; };
		D9190C032B8E823B00965D55 /* MultiplayerMain.swift */ = {isa = PBXFileReference; lastKnownFileType = sourcecode.swift; path = MultiplayerMain.swift; sourceTree = "<group>"; };
		D9255AEF2B8FC55B0049696A /* GameplayViewModel.swift */ = {isa = PBXFileReference; fileEncoding = 4; lastKnownFileType = sourcecode.swift; path = GameplayViewModel.swift; sourceTree = "<group>"; };
		D9255AF12B8FC5C60049696A /* CameraModel.swift */ = {isa = PBXFileReference; fileEncoding = 4; lastKnownFileType = sourcecode.swift; path = CameraModel.swift; sourceTree = "<group>"; };
		D9255AF32B8FCEB40049696A /* MultiplayerGameView.swift */ = {isa = PBXFileReference; lastKnownFileType = sourcecode.swift; path = MultiplayerGameView.swift; sourceTree = "<group>"; };
		D92EEDDE2B8FA276008C43E0 /* Nano05.entitlements */ = {isa = PBXFileReference; lastKnownFileType = text.plist.entitlements; path = Nano05.entitlements; sourceTree = "<group>"; };
		D92EEDDF2B8FAE7A008C43E0 /* Logic */ = {isa = PBXFileReference; lastKnownFileType = text; path = Logic; sourceTree = "<group>"; };
		E023656B2B8E68FB00C04C1E /* PhotoButton.swift */ = {isa = PBXFileReference; lastKnownFileType = sourcecode.swift; path = PhotoButton.swift; sourceTree = "<group>"; };
		E023656D2B8E690600C04C1E /* NavigationButton.swift */ = {isa = PBXFileReference; lastKnownFileType = sourcecode.swift; path = NavigationButton.swift; sourceTree = "<group>"; };
		E02365702B8E69C700C04C1E /* MenuView.swift */ = {isa = PBXFileReference; lastKnownFileType = sourcecode.swift; path = MenuView.swift; sourceTree = "<group>"; };
		E02365732B8E7A8200C04C1E /* UIimageExtension.swift */ = {isa = PBXFileReference; lastKnownFileType = sourcecode.swift; path = UIimageExtension.swift; sourceTree = "<group>"; };
		E0AA6EA02B8D11BC00FD8D82 /* Nano05.app */ = {isa = PBXFileReference; explicitFileType = wrapper.application; includeInIndex = 0; path = Nano05.app; sourceTree = BUILT_PRODUCTS_DIR; };
		E0AA6EA32B8D11BC00FD8D82 /* Nano05App.swift */ = {isa = PBXFileReference; lastKnownFileType = sourcecode.swift; path = Nano05App.swift; sourceTree = "<group>"; };
		E0AA6EA52B8D11BC00FD8D82 /* GameplayView.swift */ = {isa = PBXFileReference; lastKnownFileType = sourcecode.swift; path = GameplayView.swift; sourceTree = "<group>"; };
		E0AA6EA72B8D11BD00FD8D82 /* Assets.xcassets */ = {isa = PBXFileReference; lastKnownFileType = folder.assetcatalog; path = Assets.xcassets; sourceTree = "<group>"; };
		E0AA6EAA2B8D11BD00FD8D82 /* Preview Assets.xcassets */ = {isa = PBXFileReference; lastKnownFileType = folder.assetcatalog; path = "Preview Assets.xcassets"; sourceTree = "<group>"; };
		E0AA6EB42B8D122000FD8D82 /* CameraView.swift */ = {isa = PBXFileReference; lastKnownFileType = sourcecode.swift; path = CameraView.swift; sourceTree = "<group>"; };
/* End PBXFileReference section */

/* Begin PBXFrameworksBuildPhase section */
		E0AA6E9D2B8D11BC00FD8D82 /* Frameworks */ = {
			isa = PBXFrameworksBuildPhase;
			buildActionMask = 2147483647;
			files = (
			);
			runOnlyForDeploymentPostprocessing = 0;
		};
/* End PBXFrameworksBuildPhase section */

/* Begin PBXGroup section */
		D9190BF92B8E7DCE00965D55 /* SharePlay */ = {
			isa = PBXGroup;
			children = (
				D9190BFA2B8E7E1300965D55 /* GroupActivityMetadate.swift */,
				D9190BFC2B8E7E6800965D55 /* SharePlayModel.swift */,
				D9190BFE2B8E7E8C00965D55 /* SharePlayViewModel.swift */,
				D9190C002B8E7ECF00965D55 /* InvationSharePlayView.swift */,
				D92EEDDF2B8FAE7A008C43E0 /* Logic */,
			);
			name = SharePlay;
			sourceTree = "<group>";
		};
		D9190C022B8E81D300965D55 /* MultiplayerrView */ = {
			isa = PBXGroup;
			children = (
				D9190C032B8E823B00965D55 /* MultiplayerMain.swift */,
				D9255AF32B8FCEB40049696A /* MultiplayerGameView.swift */,
			);
			path = MultiplayerrView;
			sourceTree = "<group>";
		};
		D9255AEE2B8FC5180049696A /* Objects */ = {
			isa = PBXGroup;
			children = (
				D9255AEF2B8FC55B0049696A /* GameplayViewModel.swift */,
			);
			path = Objects;
			sourceTree = "<group>";
		};
		E023656A2B8E68E100C04C1E /* Buttons */ = {
			isa = PBXGroup;
			children = (
				E023656B2B8E68FB00C04C1E /* PhotoButton.swift */,
				E023656D2B8E690600C04C1E /* NavigationButton.swift */,
			);
			path = Buttons;
			sourceTree = "<group>";
		};
		E023656F2B8E695C00C04C1E /* Views */ = {
			isa = PBXGroup;
			children = (
				D9190C022B8E81D300965D55 /* MultiplayerrView */,
				E0AA6EA52B8D11BC00FD8D82 /* GameplayView.swift */,
				E02365702B8E69C700C04C1E /* MenuView.swift */,
				2E97AA812B8FD27700986F37 /* UpsideView.swift */,
				2E97AA872B9017DB00986F37 /* EndView.swift */,
			);
			path = Views;
			sourceTree = "<group>";
		};
		E02365722B8E7A6200C04C1E /* Extensions */ = {
			isa = PBXGroup;
			children = (
				E02365732B8E7A8200C04C1E /* UIimageExtension.swift */,
			);
			path = Extensions;
			sourceTree = "<group>";
		};
		E0AA6E972B8D11BC00FD8D82 = {
			isa = PBXGroup;
			children = (
				E0AA6EA22B8D11BC00FD8D82 /* Nano05 */,
				E0AA6EA12B8D11BC00FD8D82 /* Products */,
			);
			sourceTree = "<group>";
		};
		E0AA6EA12B8D11BC00FD8D82 /* Products */ = {
			isa = PBXGroup;
			children = (
				E0AA6EA02B8D11BC00FD8D82 /* Nano05.app */,
			);
			name = Products;
			sourceTree = "<group>";
		};
		E0AA6EA22B8D11BC00FD8D82 /* Nano05 */ = {
			isa = PBXGroup;
			children = (
				D9255AEE2B8FC5180049696A /* Objects */,
				D92EEDDE2B8FA276008C43E0 /* Nano05.entitlements */,
				D9190BF92B8E7DCE00965D55 /* SharePlay */,
				E02365722B8E7A6200C04C1E /* Extensions */,
				E023656F2B8E695C00C04C1E /* Views */,
				E023656A2B8E68E100C04C1E /* Buttons */,
				E0AA6EB12B8D11F600FD8D82 /* Camera */,
				E0AA6EA32B8D11BC00FD8D82 /* Nano05App.swift */,
				2E97AA852B90175C00986F37 /* NavigationModel.swift */,
				C010E7D32B8E55A800F4A52C /* HomeObjects.mlmodel */,
				E0AA6EA72B8D11BD00FD8D82 /* Assets.xcassets */,
				E0AA6EA92B8D11BD00FD8D82 /* Preview Content */,
			);
			path = Nano05;
			sourceTree = "<group>";
		};
		E0AA6EA92B8D11BD00FD8D82 /* Preview Content */ = {
			isa = PBXGroup;
			children = (
				E0AA6EAA2B8D11BD00FD8D82 /* Preview Assets.xcassets */,
			);
			path = "Preview Content";
			sourceTree = "<group>";
		};
		E0AA6EB12B8D11F600FD8D82 /* Camera */ = {
			isa = PBXGroup;
			children = (
				D9255AF12B8FC5C60049696A /* CameraModel.swift */,
				E0AA6EB42B8D122000FD8D82 /* CameraView.swift */,
			);
			path = Camera;
			sourceTree = "<group>";
		};
/* End PBXGroup section */

/* Begin PBXNativeTarget section */
		E0AA6E9F2B8D11BC00FD8D82 /* Nano05 */ = {
			isa = PBXNativeTarget;
			buildConfigurationList = E0AA6EAE2B8D11BD00FD8D82 /* Build configuration list for PBXNativeTarget "Nano05" */;
			buildPhases = (
				E0AA6E9C2B8D11BC00FD8D82 /* Sources */,
				E0AA6E9D2B8D11BC00FD8D82 /* Frameworks */,
				E0AA6E9E2B8D11BC00FD8D82 /* Resources */,
			);
			buildRules = (
			);
			dependencies = (
			);
			name = Nano05;
			productName = Nano05;
			productReference = E0AA6EA02B8D11BC00FD8D82 /* Nano05.app */;
			productType = "com.apple.product-type.application";
		};
/* End PBXNativeTarget section */

/* Begin PBXProject section */
		E0AA6E982B8D11BC00FD8D82 /* Project object */ = {
			isa = PBXProject;
			attributes = {
				BuildIndependentTargetsInParallel = 1;
				LastSwiftUpdateCheck = 1500;
				LastUpgradeCheck = 1500;
				TargetAttributes = {
					E0AA6E9F2B8D11BC00FD8D82 = {
						CreatedOnToolsVersion = 15.0.1;
					};
				};
			};
			buildConfigurationList = E0AA6E9B2B8D11BC00FD8D82 /* Build configuration list for PBXProject "Nano05" */;
			compatibilityVersion = "Xcode 14.0";
			developmentRegion = en;
			hasScannedForEncodings = 0;
			knownRegions = (
				en,
				Base,
			);
			mainGroup = E0AA6E972B8D11BC00FD8D82;
			productRefGroup = E0AA6EA12B8D11BC00FD8D82 /* Products */;
			projectDirPath = "";
			projectRoot = "";
			targets = (
				E0AA6E9F2B8D11BC00FD8D82 /* Nano05 */,
			);
		};
/* End PBXProject section */

/* Begin PBXResourcesBuildPhase section */
		E0AA6E9E2B8D11BC00FD8D82 /* Resources */ = {
			isa = PBXResourcesBuildPhase;
			buildActionMask = 2147483647;
			files = (
				D92EEDE02B8FAE7A008C43E0 /* Logic in Resources */,
				E0AA6EAB2B8D11BD00FD8D82 /* Preview Assets.xcassets in Resources */,
				E0AA6EA82B8D11BD00FD8D82 /* Assets.xcassets in Resources */,
			);
			runOnlyForDeploymentPostprocessing = 0;
		};
/* End PBXResourcesBuildPhase section */

/* Begin PBXSourcesBuildPhase section */
		E0AA6E9C2B8D11BC00FD8D82 /* Sources */ = {
			isa = PBXSourcesBuildPhase;
			buildActionMask = 2147483647;
			files = (
				2E97AA822B8FD27700986F37 /* UpsideView.swift in Sources */,
				E023656E2B8E690600C04C1E /* NavigationButton.swift in Sources */,
				D9255AF42B8FCEB40049696A /* MultiplayerGameView.swift in Sources */,
				D9190C042B8E823B00965D55 /* MultiplayerMain.swift in Sources */,
				D9255AF22B8FC5C60049696A /* CameraModel.swift in Sources */,
				2E97AA862B90175C00986F37 /* NavigationModel.swift in Sources */,
				E02365712B8E69C700C04C1E /* MenuView.swift in Sources */,
				D9190BFB2B8E7E1300965D55 /* GroupActivityMetadate.swift in Sources */,
				E0AA6EA62B8D11BC00FD8D82 /* GameplayView.swift in Sources */,
				E0AA6EA42B8D11BC00FD8D82 /* Nano05App.swift in Sources */,
				E02365742B8E7A8200C04C1E /* UIimageExtension.swift in Sources */,
				C010E7D42B8E55A800F4A52C /* HomeObjects.mlmodel in Sources */,
				2E97AA882B9017DB00986F37 /* EndView.swift in Sources */,
				D9190BFD2B8E7E6800965D55 /* SharePlayModel.swift in Sources */,
				E0AA6EB52B8D122000FD8D82 /* CameraView.swift in Sources */,
				D9190BFF2B8E7E8C00965D55 /* SharePlayViewModel.swift in Sources */,
				D9190C012B8E7ECF00965D55 /* InvationSharePlayView.swift in Sources */,
				D9255AF02B8FC55B0049696A /* GameplayViewModel.swift in Sources */,
				E023656C2B8E68FB00C04C1E /* PhotoButton.swift in Sources */,
			);
			runOnlyForDeploymentPostprocessing = 0;
		};
/* End PBXSourcesBuildPhase section */

/* Begin XCBuildConfiguration section */
		E0AA6EAC2B8D11BD00FD8D82 /* Debug */ = {
			isa = XCBuildConfiguration;
			buildSettings = {
				ALWAYS_SEARCH_USER_PATHS = NO;
				ASSETCATALOG_COMPILER_GENERATE_SWIFT_ASSET_SYMBOL_EXTENSIONS = YES;
				CLANG_ANALYZER_NONNULL = YES;
				CLANG_ANALYZER_NUMBER_OBJECT_CONVERSION = YES_AGGRESSIVE;
				CLANG_CXX_LANGUAGE_STANDARD = "gnu++20";
				CLANG_ENABLE_MODULES = YES;
				CLANG_ENABLE_OBJC_ARC = YES;
				CLANG_ENABLE_OBJC_WEAK = YES;
				CLANG_WARN_BLOCK_CAPTURE_AUTORELEASING = YES;
				CLANG_WARN_BOOL_CONVERSION = YES;
				CLANG_WARN_COMMA = YES;
				CLANG_WARN_CONSTANT_CONVERSION = YES;
				CLANG_WARN_DEPRECATED_OBJC_IMPLEMENTATIONS = YES;
				CLANG_WARN_DIRECT_OBJC_ISA_USAGE = YES_ERROR;
				CLANG_WARN_DOCUMENTATION_COMMENTS = YES;
				CLANG_WARN_EMPTY_BODY = YES;
				CLANG_WARN_ENUM_CONVERSION = YES;
				CLANG_WARN_INFINITE_RECURSION = YES;
				CLANG_WARN_INT_CONVERSION = YES;
				CLANG_WARN_NON_LITERAL_NULL_CONVERSION = YES;
				CLANG_WARN_OBJC_IMPLICIT_RETAIN_SELF = YES;
				CLANG_WARN_OBJC_LITERAL_CONVERSION = YES;
				CLANG_WARN_OBJC_ROOT_CLASS = YES_ERROR;
				CLANG_WARN_QUOTED_INCLUDE_IN_FRAMEWORK_HEADER = YES;
				CLANG_WARN_RANGE_LOOP_ANALYSIS = YES;
				CLANG_WARN_STRICT_PROTOTYPES = YES;
				CLANG_WARN_SUSPICIOUS_MOVE = YES;
				CLANG_WARN_UNGUARDED_AVAILABILITY = YES_AGGRESSIVE;
				CLANG_WARN_UNREACHABLE_CODE = YES;
				CLANG_WARN__DUPLICATE_METHOD_MATCH = YES;
				COPY_PHASE_STRIP = NO;
				DEBUG_INFORMATION_FORMAT = dwarf;
				ENABLE_STRICT_OBJC_MSGSEND = YES;
				ENABLE_TESTABILITY = YES;
				ENABLE_USER_SCRIPT_SANDBOXING = YES;
				GCC_C_LANGUAGE_STANDARD = gnu17;
				GCC_DYNAMIC_NO_PIC = NO;
				GCC_NO_COMMON_BLOCKS = YES;
				GCC_OPTIMIZATION_LEVEL = 0;
				GCC_PREPROCESSOR_DEFINITIONS = (
					"DEBUG=1",
					"$(inherited)",
				);
				GCC_WARN_64_TO_32_BIT_CONVERSION = YES;
				GCC_WARN_ABOUT_RETURN_TYPE = YES_ERROR;
				GCC_WARN_UNDECLARED_SELECTOR = YES;
				GCC_WARN_UNINITIALIZED_AUTOS = YES_AGGRESSIVE;
				GCC_WARN_UNUSED_FUNCTION = YES;
				GCC_WARN_UNUSED_VARIABLE = YES;
				IPHONEOS_DEPLOYMENT_TARGET = 17.0;
				LOCALIZATION_PREFERS_STRING_CATALOGS = YES;
				MTL_ENABLE_DEBUG_INFO = INCLUDE_SOURCE;
				MTL_FAST_MATH = YES;
				ONLY_ACTIVE_ARCH = YES;
				SDKROOT = iphoneos;
				SWIFT_ACTIVE_COMPILATION_CONDITIONS = "DEBUG $(inherited)";
				SWIFT_OPTIMIZATION_LEVEL = "-Onone";
			};
			name = Debug;
		};
		E0AA6EAD2B8D11BD00FD8D82 /* Release */ = {
			isa = XCBuildConfiguration;
			buildSettings = {
				ALWAYS_SEARCH_USER_PATHS = NO;
				ASSETCATALOG_COMPILER_GENERATE_SWIFT_ASSET_SYMBOL_EXTENSIONS = YES;
				CLANG_ANALYZER_NONNULL = YES;
				CLANG_ANALYZER_NUMBER_OBJECT_CONVERSION = YES_AGGRESSIVE;
				CLANG_CXX_LANGUAGE_STANDARD = "gnu++20";
				CLANG_ENABLE_MODULES = YES;
				CLANG_ENABLE_OBJC_ARC = YES;
				CLANG_ENABLE_OBJC_WEAK = YES;
				CLANG_WARN_BLOCK_CAPTURE_AUTORELEASING = YES;
				CLANG_WARN_BOOL_CONVERSION = YES;
				CLANG_WARN_COMMA = YES;
				CLANG_WARN_CONSTANT_CONVERSION = YES;
				CLANG_WARN_DEPRECATED_OBJC_IMPLEMENTATIONS = YES;
				CLANG_WARN_DIRECT_OBJC_ISA_USAGE = YES_ERROR;
				CLANG_WARN_DOCUMENTATION_COMMENTS = YES;
				CLANG_WARN_EMPTY_BODY = YES;
				CLANG_WARN_ENUM_CONVERSION = YES;
				CLANG_WARN_INFINITE_RECURSION = YES;
				CLANG_WARN_INT_CONVERSION = YES;
				CLANG_WARN_NON_LITERAL_NULL_CONVERSION = YES;
				CLANG_WARN_OBJC_IMPLICIT_RETAIN_SELF = YES;
				CLANG_WARN_OBJC_LITERAL_CONVERSION = YES;
				CLANG_WARN_OBJC_ROOT_CLASS = YES_ERROR;
				CLANG_WARN_QUOTED_INCLUDE_IN_FRAMEWORK_HEADER = YES;
				CLANG_WARN_RANGE_LOOP_ANALYSIS = YES;
				CLANG_WARN_STRICT_PROTOTYPES = YES;
				CLANG_WARN_SUSPICIOUS_MOVE = YES;
				CLANG_WARN_UNGUARDED_AVAILABILITY = YES_AGGRESSIVE;
				CLANG_WARN_UNREACHABLE_CODE = YES;
				CLANG_WARN__DUPLICATE_METHOD_MATCH = YES;
				COPY_PHASE_STRIP = NO;
				DEBUG_INFORMATION_FORMAT = "dwarf-with-dsym";
				ENABLE_NS_ASSERTIONS = NO;
				ENABLE_STRICT_OBJC_MSGSEND = YES;
				ENABLE_USER_SCRIPT_SANDBOXING = YES;
				GCC_C_LANGUAGE_STANDARD = gnu17;
				GCC_NO_COMMON_BLOCKS = YES;
				GCC_WARN_64_TO_32_BIT_CONVERSION = YES;
				GCC_WARN_ABOUT_RETURN_TYPE = YES_ERROR;
				GCC_WARN_UNDECLARED_SELECTOR = YES;
				GCC_WARN_UNINITIALIZED_AUTOS = YES_AGGRESSIVE;
				GCC_WARN_UNUSED_FUNCTION = YES;
				GCC_WARN_UNUSED_VARIABLE = YES;
				IPHONEOS_DEPLOYMENT_TARGET = 17.0;
				LOCALIZATION_PREFERS_STRING_CATALOGS = YES;
				MTL_ENABLE_DEBUG_INFO = NO;
				MTL_FAST_MATH = YES;
				SDKROOT = iphoneos;
				SWIFT_COMPILATION_MODE = wholemodule;
				VALIDATE_PRODUCT = YES;
			};
			name = Release;
		};
		E0AA6EAF2B8D11BD00FD8D82 /* Debug */ = {
			isa = XCBuildConfiguration;
			buildSettings = {
				ASSETCATALOG_COMPILER_APPICON_NAME = AppIcon;
				ASSETCATALOG_COMPILER_GLOBAL_ACCENT_COLOR_NAME = AccentColor;
				CODE_SIGN_ENTITLEMENTS = Nano05/Nano05.entitlements;
				CODE_SIGN_STYLE = Automatic;
				CURRENT_PROJECT_VERSION = 1;
				DEVELOPMENT_ASSET_PATHS = "\"Nano05/Preview Content\"";
				DEVELOPMENT_TEAM = 335BRL9A43;
				ENABLE_PREVIEWS = YES;
				GENERATE_INFOPLIST_FILE = YES;
				INFOPLIST_KEY_NSCameraUsageDescription = "Permission to use device camera";
				INFOPLIST_KEY_UIApplicationSceneManifest_Generation = YES;
				INFOPLIST_KEY_UIApplicationSupportsIndirectInputEvents = YES;
				INFOPLIST_KEY_UILaunchScreen_Generation = YES;
				INFOPLIST_KEY_UISupportedInterfaceOrientations_iPad = "UIInterfaceOrientationPortrait UIInterfaceOrientationPortraitUpsideDown UIInterfaceOrientationLandscapeLeft UIInterfaceOrientationLandscapeRight";
				INFOPLIST_KEY_UISupportedInterfaceOrientations_iPhone = "UIInterfaceOrientationPortrait UIInterfaceOrientationLandscapeLeft UIInterfaceOrientationLandscapeRight";
				LD_RUNPATH_SEARCH_PATHS = (
					"$(inherited)",
					"@executable_path/Frameworks",
				);
				MARKETING_VERSION = 1.0;
				PRODUCT_BUNDLE_IDENTIFIER = SwiftUI.Nano;
				PRODUCT_NAME = "$(TARGET_NAME)";
				SWIFT_EMIT_LOC_STRINGS = YES;
				SWIFT_VERSION = 5.0;
				TARGETED_DEVICE_FAMILY = "1,2";
			};
			name = Debug;
		};
		E0AA6EB02B8D11BD00FD8D82 /* Release */ = {
			isa = XCBuildConfiguration;
			buildSettings = {
				ASSETCATALOG_COMPILER_APPICON_NAME = AppIcon;
				ASSETCATALOG_COMPILER_GLOBAL_ACCENT_COLOR_NAME = AccentColor;
				CODE_SIGN_ENTITLEMENTS = Nano05/Nano05.entitlements;
				CODE_SIGN_STYLE = Automatic;
				CURRENT_PROJECT_VERSION = 1;
				DEVELOPMENT_ASSET_PATHS = "\"Nano05/Preview Content\"";
				DEVELOPMENT_TEAM = 335BRL9A43;
				ENABLE_PREVIEWS = YES;
				GENERATE_INFOPLIST_FILE = YES;
				INFOPLIST_KEY_NSCameraUsageDescription = "Permission to use device camera";
				INFOPLIST_KEY_UIApplicationSceneManifest_Generation = YES;
				INFOPLIST_KEY_UIApplicationSupportsIndirectInputEvents = YES;
				INFOPLIST_KEY_UILaunchScreen_Generation = YES;
				INFOPLIST_KEY_UISupportedInterfaceOrientations_iPad = "UIInterfaceOrientationPortrait UIInterfaceOrientationPortraitUpsideDown UIInterfaceOrientationLandscapeLeft UIInterfaceOrientationLandscapeRight";
				INFOPLIST_KEY_UISupportedInterfaceOrientations_iPhone = "UIInterfaceOrientationPortrait UIInterfaceOrientationLandscapeLeft UIInterfaceOrientationLandscapeRight";
				LD_RUNPATH_SEARCH_PATHS = (
					"$(inherited)",
					"@executable_path/Frameworks",
				);
				MARKETING_VERSION = 1.0;
				PRODUCT_BUNDLE_IDENTIFIER = SwiftUI.Nano;
				PRODUCT_NAME = "$(TARGET_NAME)";
				SWIFT_EMIT_LOC_STRINGS = YES;
				SWIFT_VERSION = 5.0;
				TARGETED_DEVICE_FAMILY = "1,2";
			};
			name = Release;
		};
/* End XCBuildConfiguration section */

/* Begin XCConfigurationList section */
		E0AA6E9B2B8D11BC00FD8D82 /* Build configuration list for PBXProject "Nano05" */ = {
			isa = XCConfigurationList;
			buildConfigurations = (
				E0AA6EAC2B8D11BD00FD8D82 /* Debug */,
				E0AA6EAD2B8D11BD00FD8D82 /* Release */,
			);
			defaultConfigurationIsVisible = 0;
			defaultConfigurationName = Release;
		};
		E0AA6EAE2B8D11BD00FD8D82 /* Build configuration list for PBXNativeTarget "Nano05" */ = {
			isa = XCConfigurationList;
			buildConfigurations = (
				E0AA6EAF2B8D11BD00FD8D82 /* Debug */,
				E0AA6EB02B8D11BD00FD8D82 /* Release */,
			);
			defaultConfigurationIsVisible = 0;
			defaultConfigurationName = Release;
		};
/* End XCConfigurationList section */
	};
	rootObject = E0AA6E982B8D11BC00FD8D82 /* Project object */;
}
